
Microsoft Visual Studio Solution File, Format Version 12.00
# Visual Studio 15
VisualStudioVersion = 15.0.28307.168
MinimumVisualStudioVersion = 10.0.40219.1
Project("{9A19103F-16F7-4668-BE54-9A1E7A4F7556}") = "CryptoDistributor", "CryptoDistributor\CryptoDistributor.csproj", "{895A7309-EA54-4869-85E9-022E24B1657C}"
EndProject
Global
	GlobalSection(SolutionConfigurationPlatforms) = preSolution
		Debug|Any CPU = Debug|Any CPU
		Release|Any CPU = Release|Any CPU
	EndGlobalSection
	GlobalSection(ProjectConfigurationPlatforms) = postSolution
		{895A7309-EA54-4869-85E9-022E24B1657C}.Debug|Any CPU.ActiveCfg = Debug|Any CPU
		{895A7309-EA54-4869-85E9-022E24B1657C}.Debug|Any CPU.Build.0 = Debug|Any CPU
		{895A7309-EA54-4869-85E9-022E24B1657C}.Release|Any CPU.ActiveCfg = Release|Any CPU
		{895A7309-EA54-4869-85E9-022E24B1657C}.Release|Any CPU.Build.0 = Release|Any CPU
	EndGlobalSection
	GlobalSection(SolutionProperties) = preSolution
		HideSolutionNode = FALSE
	EndGlobalSection
	GlobalSection(ExtensibilityGlobals) = postSolution
		SolutionGuid = {D352A372-877F-480B-9960-BC086BE0212A}
	EndGlobalSection
EndGlobal
